
Microsoft Visual Studio Solution File, Format Version 12.00
# Visual Studio Version 17
VisualStudioVersion = 17.10.35201.131
MinimumVisualStudioVersion = 10.0.40219.1
Project("{FAE04EC0-301F-11D3-BF4B-00C04F79EFBC}") = "Giai_PTB2", "Giai_PTB2.csproj", "{C92086F4-0A18-4890-8DD0-4F9091216FD4}"
EndProject
Project("{FAE04EC0-301F-11D3-BF4B-00C04F79EFBC}") = "lib_tinh_toan", "..\lib_tinh_toan\lib_tinh_toan.csproj", "{5D04BE63-9E86-4AEA-9C2B-5874315CD501}"
EndProject
Project("{FAE04EC0-301F-11D3-BF4B-00C04F79EFBC}") = "Tinh_toan_dung_dll", "..\Tinh_toan_dung_dll\Tinh_toan_dung_dll.csproj", "{B16E94E6-4FD8-4D24-BEDE-B19A1166FE11}"
EndProject
Project("{FAE04EC0-301F-11D3-BF4B-00C04F79EFBC}") = "Winform_dll", "..\Win_Form\Winform_dll.csproj", "{31FEB5B1-32FD-4C2C-8720-FD226876AC26}"
EndProject
Project("{FAE04EC0-301F-11D3-BF4B-00C04F79EFBC}") = "web_v1", "..\web_v1\web_v1.csproj", "{B9C0E7EE-6622-40E7-84A2-DE66196AB076}"
EndProject
Project("{FAE04EC0-301F-11D3-BF4B-00C04F79EFBC}") = "web_v2", "..\web_v2\web_v2.csproj", "{B6CA3837-9ED6-49A2-BFCB-1B819AD8C1E4}"
EndProject
Global
	GlobalSection(SolutionConfigurationPlatforms) = preSolution
		Debug|Any CPU = Debug|Any CPU
		Release|Any CPU = Release|Any CPU
	EndGlobalSection
	GlobalSection(ProjectConfigurationPlatforms) = postSolution
		{C92086F4-0A18-4890-8DD0-4F9091216FD4}.Debug|Any CPU.ActiveCfg = Debug|Any CPU
		{C92086F4-0A18-4890-8DD0-4F9091216FD4}.Debug|Any CPU.Build.0 = Debug|Any CPU
		{C92086F4-0A18-4890-8DD0-4F9091216FD4}.Release|Any CPU.ActiveCfg = Release|Any CPU
		{C92086F4-0A18-4890-8DD0-4F9091216FD4}.Release|Any CPU.Build.0 = Release|Any CPU
		{5D04BE63-9E86-4AEA-9C2B-5874315CD501}.Debug|Any CPU.ActiveCfg = Debug|Any CPU
		{5D04BE63-9E86-4AEA-9C2B-5874315CD501}.Debug|Any CPU.Build.0 = Debug|Any CPU
		{5D04BE63-9E86-4AEA-9C2B-5874315CD501}.Release|Any CPU.ActiveCfg = Release|Any CPU
		{5D04BE63-9E86-4AEA-9C2B-5874315CD501}.Release|Any CPU.Build.0 = Release|Any CPU
		{B16E94E6-4FD8-4D24-BEDE-B19A1166FE11}.Debug|Any CPU.ActiveCfg = Debug|Any CPU
		{B16E94E6-4FD8-4D24-BEDE-B19A1166FE11}.Debug|Any CPU.Build.0 = Debug|Any CPU
		{B16E94E6-4FD8-4D24-BEDE-B19A1166FE11}.Release|Any CPU.ActiveCfg = Release|Any CPU
		{B16E94E6-4FD8-4D24-BEDE-B19A1166FE11}.Release|Any CPU.Build.0 = Release|Any CPU
		{31FEB5B1-32FD-4C2C-8720-FD226876AC26}.Debug|Any CPU.ActiveCfg = Debug|Any CPU
		{31FEB5B1-32FD-4C2C-8720-FD226876AC26}.Debug|Any CPU.Build.0 = Debug|Any CPU
		{31FEB5B1-32FD-4C2C-8720-FD226876AC26}.Release|Any CPU.ActiveCfg = Release|Any CPU
		{31FEB5B1-32FD-4C2C-8720-FD226876AC26}.Release|Any CPU.Build.0 = Release|Any CPU
		{B9C0E7EE-6622-40E7-84A2-DE66196AB076}.Debug|Any CPU.ActiveCfg = Debug|Any CPU
		{B9C0E7EE-6622-40E7-84A2-DE66196AB076}.Debug|Any CPU.Build.0 = Debug|Any CPU
		{B9C0E7EE-6622-40E7-84A2-DE66196AB076}.Release|Any CPU.ActiveCfg = Release|Any CPU
		{B9C0E7EE-6622-40E7-84A2-DE66196AB076}.Release|Any CPU.Build.0 = Release|Any CPU
		{B6CA3837-9ED6-49A2-BFCB-1B819AD8C1E4}.Debug|Any CPU.ActiveCfg = Debug|Any CPU
		{B6CA3837-9ED6-49A2-BFCB-1B819AD8C1E4}.Debug|Any CPU.Build.0 = Debug|Any CPU
		{B6CA3837-9ED6-49A2-BFCB-1B819AD8C1E4}.Release|Any CPU.ActiveCfg = Release|Any CPU
		{B6CA3837-9ED6-49A2-BFCB-1B819AD8C1E4}.Release|Any CPU.Build.0 = Release|Any CPU
	EndGlobalSection
	GlobalSection(SolutionProperties) = preSolution
		HideSolutionNode = FALSE
	EndGlobalSection
	GlobalSection(ExtensibilityGlobals) = postSolution
		SolutionGuid = {06905A26-4BD5-4158-B0EE-A5DDE036BBAC}
	EndGlobalSection
EndGlobal
